
Microsoft Visual Studio Solution File, Format Version 12.00
# Visual Studio 2013
VisualStudioVersion = 12.0.40629.0
MinimumVisualStudioVersion = 10.0.40219.1
Project("{FAE04EC0-301F-11D3-BF4B-00C04F79EFBC}") = "service-and-job-finder-web", "service-and-job-finder-web\service-and-job-finder-web.csproj", "{2240DD91-DB61-48CA-8BAC-8CCDA5A21069}"
EndProject
Global
	GlobalSection(SolutionConfigurationPlatforms) = preSolution
		Debug|Any CPU = Debug|Any CPU
		Release|Any CPU = Release|Any CPU
	EndGlobalSection
	GlobalSection(ProjectConfigurationPlatforms) = postSolution
		{2240DD91-DB61-48CA-8BAC-8CCDA5A21069}.Debug|Any CPU.ActiveCfg = Debug|Any CPU
		{2240DD91-DB61-48CA-8BAC-8CCDA5A21069}.Debug|Any CPU.Build.0 = Debug|Any CPU
		{2240DD91-DB61-48CA-8BAC-8CCDA5A21069}.Release|Any CPU.ActiveCfg = Release|Any CPU
		{2240DD91-DB61-48CA-8BAC-8CCDA5A21069}.Release|Any CPU.Build.0 = Release|Any CPU
	EndGlobalSection
	GlobalSection(SolutionProperties) = preSolution
		HideSolutionNode = FALSE
	EndGlobalSection
EndGlobal
